
Microsoft Visual Studio Solution File, Format Version 12.00
# Visual Studio Version 17
VisualStudioVersion = 17.8.34525.116
MinimumVisualStudioVersion = 10.0.40219.1
Project("{FAE04EC0-301F-11D3-BF4B-00C04F79EFBC}") = "OptionsStrategies", "OptionsStrategies\OptionsStrategies.csproj", "{DF8A8899-2E18-44CF-AACC-71611D9D80F3}"
EndProject
Global
	GlobalSection(SolutionConfigurationPlatforms) = preSolution
		Debug|Any CPU = Debug|Any CPU
		Release|Any CPU = Release|Any CPU
	EndGlobalSection
	GlobalSection(ProjectConfigurationPlatforms) = postSolution
		{DF8A8899-2E18-44CF-AACC-71611D9D80F3}.Debug|Any CPU.ActiveCfg = Debug|Any CPU
		{DF8A8899-2E18-44CF-AACC-71611D9D80F3}.Debug|Any CPU.Build.0 = Debug|Any CPU
		{DF8A8899-2E18-44CF-AACC-71611D9D80F3}.Release|Any CPU.ActiveCfg = Release|Any CPU
		{DF8A8899-2E18-44CF-AACC-71611D9D80F3}.Release|Any CPU.Build.0 = Release|Any CPU
	EndGlobalSection
	GlobalSection(SolutionProperties) = preSolution
		HideSolutionNode = FALSE
	EndGlobalSection
	GlobalSection(ExtensibilityGlobals) = postSolution
		SolutionGuid = {6337A8C4-E11D-4C6E-A508-1893678580AE}
	EndGlobalSection
EndGlobal
